
Microsoft Visual Studio Solution File, Format Version 12.00
# Visual Studio Version 16
VisualStudioVersion = 16.0.30309.148
MinimumVisualStudioVersion = 10.0.40219.1
Project("{FAE04EC0-301F-11D3-BF4B-00C04F79EFBC}") = "WebCalToHtml", "WebCalToHtml\WebCalToHtml.csproj", "{AF73713B-416C-43B0-93E2-52382211880D}"
EndProject
Global
	GlobalSection(SolutionConfigurationPlatforms) = preSolution
		Debug|Any CPU = Debug|Any CPU
		Release|Any CPU = Release|Any CPU
	EndGlobalSection
	GlobalSection(ProjectConfigurationPlatforms) = postSolution
		{AF73713B-416C-43B0-93E2-52382211880D}.Debug|Any CPU.ActiveCfg = Debug|Any CPU
		{AF73713B-416C-43B0-93E2-52382211880D}.Debug|Any CPU.Build.0 = Debug|Any CPU
		{AF73713B-416C-43B0-93E2-52382211880D}.Release|Any CPU.ActiveCfg = Release|Any CPU
		{AF73713B-416C-43B0-93E2-52382211880D}.Release|Any CPU.Build.0 = Release|Any CPU
	EndGlobalSection
	GlobalSection(SolutionProperties) = preSolution
		HideSolutionNode = FALSE
	EndGlobalSection
	GlobalSection(ExtensibilityGlobals) = postSolution
		SolutionGuid = {66B0F358-3CB9-49BB-9042-441E227D504F}
	EndGlobalSection
EndGlobal
